# THIS IS AN AUTOGENERATED FILE. DO NOT EDIT THIS FILE DIRECTLY.
# yarn lockfile v1


"@sentry/core@5.7.0":
  version "5.7.0"
  resolved "https://registry.yarnpkg.com/@sentry/core/-/core-5.7.0.tgz#c2aa5341e703ec7cf2acc69e51971a0b1f7d102a"
  integrity sha512-gQel0d7LBSWJGHc7gfZllYAu+RRGD9GcYGmkRfemurmDyDGQDf/sfjiBi8f9QxUc2iFTHnvIR5nMTyf0U3yl3Q==
  dependencies:
    "@sentry/hub" "5.7.0"
    "@sentry/minimal" "5.7.0"
    "@sentry/types" "5.7.0"
    "@sentry/utils" "5.7.0"
    tslib "^1.9.3"

"@sentry/hub@5.7.0":
  version "5.7.0"
  resolved "https://registry.yarnpkg.com/@sentry/hub/-/hub-5.7.0.tgz#f7c356202a9db1daae82ce7f48ebf1139e4e9d02"
  integrity sha512-qNdYheJ6j4P9Sk0eqIINpJohImmu/+trCwFb4F8BGLQth5iGMVQD6D0YUrgjf4ZaQwfhw9tv4W6VEfF5tyASoA==
  dependencies:
    "@sentry/types" "5.7.0"
    "@sentry/utils" "5.7.0"
    tslib "^1.9.3"

"@sentry/minimal@5.7.0":
  version "5.7.0"
  resolved "https://registry.yarnpkg.com/@sentry/minimal/-/minimal-5.7.0.tgz#832d26bcd862c6ea628d48ad199ac7f966a2d907"
  integrity sha512-0sizE2prS9nmfLyVUKmVzFFFqRNr9iorSCCejwnlRe3crqKqjf84tuRSzm6NkZjIyYj9djuuo9l9XN12NLQ/4A==
  dependencies:
    "@sentry/hub" "5.7.0"
    "@sentry/types" "5.7.0"
    tslib "^1.9.3"

"@sentry/node@5.7.0":
  version "5.7.0"
  resolved "https://registry.yarnpkg.com/@sentry/node/-/node-5.7.0.tgz#153777f06b2fcd346edbff9adbb6b231c7e5fa0a"
  integrity sha512-iqQbGAJDBlpQkp1rl9RkDCIfnukr4cOtHPgJPmLY19m/KXIHD2cdKhvbqoCvIPBTIAeSGQIvDT9jD5zT46eoqQ==
  dependencies:
    "@sentry/core" "5.7.0"
    "@sentry/hub" "5.7.0"
    "@sentry/types" "5.7.0"
    "@sentry/utils" "5.7.0"
    cookie "^0.3.1"
    https-proxy-agent "^3.0.0"
    lru_map "^0.3.3"
    tslib "^1.9.3"

"@sentry/types@5.7.0":
  version "5.7.0"
  resolved "https://registry.yarnpkg.com/@sentry/types/-/types-5.7.0.tgz#e8677e57b40c2c63cad42c02add12b238e647c10"
  integrity sha512-bFRVortg713dE2yJXNFgNe6sNBVVSkpoELLkGPatdVQi0dYc6OggIIX4UZZvkynFx72GwYqO1NOrtUcJY2gmMg==

"@sentry/utils@5.7.0":
  version "5.7.0"
  resolved "https://registry.yarnpkg.com/@sentry/utils/-/utils-5.7.0.tgz#a6850aa4f5476fa26517cd5c6248f871d8d9939b"
  integrity sha512-XmwQpLqea9mj8x1N7P/l4JvnEb0Rn5Py5OtBgl0ctk090W+GB1uM8rl9mkMf6698o1s1Z8T/tI/QY0yFA5uZXg==
  dependencies:
    "@sentry/types" "5.7.0"
    tslib "^1.9.3"

"@types/node@^12.0.4":
  version "12.7.12"
  resolved "https://registry.yarnpkg.com/@types/node/-/node-12.7.12.tgz#7c6c571cc2f3f3ac4a59a5f2bd48f5bdbc8653cc"
  integrity sha512-KPYGmfD0/b1eXurQ59fXD1GBzhSQfz6/lKBxkaHX9dKTzjXbK68Zt7yGUxUsCS1jeTy/8aL+d9JEr+S54mpkWQ==

agent-base@^4.3.0:
  version "4.3.0"
  resolved "https://registry.yarnpkg.com/agent-base/-/agent-base-4.3.0.tgz#8165f01c436009bccad0b1d122f05ed770efc6ee"
  integrity sha512-salcGninV0nPrwpGNn4VTXBb1SOuXQBiqbrNXoeizJsHrsL6ERFM2Ne3JUSBWRE6aeNJI2ROP/WEEIDUiDe3cg==
  dependencies:
    es6-promisify "^5.0.0"

cookie@^0.3.1:
  version "0.3.1"
  resolved "https://registry.yarnpkg.com/cookie/-/cookie-0.3.1.tgz#e7e0a1f9ef43b4c8ba925c5c5a96e806d16873bb"
  integrity sha1-5+Ch+e9DtMi6klxcWpboBtFoc7s=

debug@^3.1.0:
  version "3.2.6"
  resolved "https://registry.yarnpkg.com/debug/-/debug-3.2.6.tgz#e83d17de16d8a7efb7717edbe5fb10135eee629b"
  integrity sha512-mel+jf7nrtEl5Pn1Qx46zARXKDpBbvzezse7p7LqINmdoIk8PYP5SySaxEmYv6TZ0JyEKA1hsCId6DIhgITtWQ==
  dependencies:
    ms "^2.1.1"

debug@^4.0.1:
  version "4.1.1"
  resolved "https://registry.yarnpkg.com/debug/-/debug-4.1.1.tgz#3b72260255109c6b589cee050f1d516139664791"
  integrity sha512-pYAIzeRo8J6KPEaJ0VWOh5Pzkbw/RetuzehGM7QRRX5he4fPHx2rdKMB256ehJCkX+XRQm16eZLqLNS8RSZXZw==
  dependencies:
    ms "^2.1.1"

dotenv@^8.1.0:
  version "8.1.0"
  resolved "https://registry.yarnpkg.com/dotenv/-/dotenv-8.1.0.tgz#d811e178652bfb8a1e593c6dd704ec7e90d85ea2"
  integrity sha512-GUE3gqcDCaMltj2++g6bRQ5rBJWtkWTmqmD0fo1RnnMuUqHNCt2oTPeDnS9n6fKYvlhn7AeBkb38lymBtWBQdA==

es6-promise@^4.0.3:
  version "4.2.8"
  resolved "https://registry.yarnpkg.com/es6-promise/-/es6-promise-4.2.8.tgz#4eb21594c972bc40553d276e510539143db53e0a"
  integrity sha512-HJDGx5daxeIvxdBxvG2cb9g4tEvwIk3i8+nhX0yGrYmZUzbkdg8QbDevheDB8gd0//uPj4c1EQua8Q+MViT0/w==

es6-promisify@^5.0.0:
  version "5.0.0"
  resolved "https://registry.yarnpkg.com/es6-promisify/-/es6-promisify-5.0.0.tgz#5109d62f3e56ea967c4b63505aef08291c8a5203"
  integrity sha1-UQnWLz5W6pZ8S2NQWu8IKRyKUgM=
  dependencies:
    es6-promise "^4.0.3"

https-proxy-agent@^3.0.0:
  version "3.0.0"
  resolved "https://registry.yarnpkg.com/https-proxy-agent/-/https-proxy-agent-3.0.0.tgz#0106efa5d63d6d6f3ab87c999fa4877a3fd1ff97"
  integrity sha512-y4jAxNEihqvBI5F3SaO2rtsjIOnnNA8sEbuiP+UhJZJHeM2NRm6c09ax2tgqme+SgUUvjao2fJXF4h3D6Cb2HQ==
  dependencies:
    agent-base "^4.3.0"
    debug "^3.1.0"

lru_map@^0.3.3:
  version "0.3.3"
  resolved "https://registry.yarnpkg.com/lru_map/-/lru_map-0.3.3.tgz#b5c8351b9464cbd750335a79650a0ec0e56118dd"
  integrity sha1-tcg1G5Rky9dQM1p5ZQoOwOVhGN0=

ms@^2.1.1:
  version "2.1.2"
  resolved "https://registry.yarnpkg.com/ms/-/ms-2.1.2.tgz#d09d1f357b443f493382a8eb3ccd183872ae6009"
  integrity sha512-sGkPx+VjMtmA6MX27oA4FBFELFCZZ4S4XqeGOXCv68tT+jb3vk/RyaKWP0PTKyWtmLSM0b+adUTEvbs1PEaH2w==

node-fetch@^2.2.0:
  version "2.6.1"
  resolved "https://registry.yarnpkg.com/node-fetch/-/node-fetch-2.6.1.tgz#045bd323631f76ed2e2b55573394416b639a0052"
  integrity sha512-V4aYg89jEoVRxRb2fJdAg8FHvI7cEyYdVAh94HH0UIK8oJxUfkjlDQN9RbMx+bEjP7+ggMiFRprSti032Oipxw==

sandwich-stream@^2.0.1:
  version "2.0.2"
  resolved "https://registry.yarnpkg.com/sandwich-stream/-/sandwich-stream-2.0.2.tgz#6d1feb6cf7e9fe9fadb41513459a72c2e84000fa"
  integrity sha512-jLYV0DORrzY3xaz/S9ydJL6Iz7essZeAfnAavsJ+zsJGZ1MOnsS52yRjU3uF3pJa/lla7+wisp//fxOwOH8SKQ==

telegraf@^3.32.0:
  version "3.32.0"
  resolved "https://registry.yarnpkg.com/telegraf/-/telegraf-3.32.0.tgz#70ec304b9c8645f8988924ebe90e5c00ee46ddbb"
  integrity sha512-5ZHiovyuG1rVLygJjaqf57wDt8e1nijAinKXCxN1tyUZ4BcrkZW/z5rVTEXA+KegpFbWxKKv3KnJwUJrKDqD0Q==
  dependencies:
    "@types/node" "^12.0.4"
    debug "^4.0.1"
    node-fetch "^2.2.0"
    sandwich-stream "^2.0.1"
    telegram-typings "^3.6.0"

telegram-typings@^3.6.0:
  version "3.6.1"
  resolved "https://registry.yarnpkg.com/telegram-typings/-/telegram-typings-3.6.1.tgz#1288d547f8694b61f1c01c2993e295f3114d9e25"
  integrity sha512-njVv1EAhIZnmQVLocZEADYUyqA1WIXuVcDYlsp+mXua/XB0pxx+PKtMSPeZ/EE4wPWTw9h/hA9ASTT6yQelkiw==

tslib@^1.9.3:
  version "1.10.0"
  resolved "https://registry.yarnpkg.com/tslib/-/tslib-1.10.0.tgz#c3c19f95973fb0a62973fb09d90d961ee43e5c8a"
  integrity sha512-qOebF53frne81cf0S9B41ByenJ3/IuH8yJKngAX35CmiZySA0khhkovshKK+jGCaMnVomla7gVlIcc3EvKPbTQ==
